// !$*UTF8*$!
{
	archiveVersion = 1;
	classes = {
	};
	objectVersion = 50;
	objects = {

/* Begin PBXBuildFile section */
		A206ADCB25E93DD500AC2CB3 /* PlayViewController.swift in Sources */ = {isa = PBXBuildFile; fileRef = A206ADCA25E93DD500AC2CB3 /* PlayViewController.swift */; };
		A24C0BEF25EBA3120056858D /* PlayViewController+Audio.swift in Sources */ = {isa = PBXBuildFile; fileRef = A24C0BEE25EBA3120056858D /* PlayViewController+Audio.swift */; };
		A2ACFB5125CD323F000A7509 /* AppDelegate.swift in Sources */ = {isa = PBXBuildFile; fileRef = A2ACFB5025CD323F000A7509 /* AppDelegate.swift */; };
		A2ACFB5325CD323F000A7509 /* SceneDelegate.swift in Sources */ = {isa = PBXBuildFile; fileRef = A2ACFB5225CD323F000A7509 /* SceneDelegate.swift */; };
		A2ACFB5525CD323F000A7509 /* RecordViewController.swift in Sources */ = {isa = PBXBuildFile; fileRef = A2ACFB5425CD323F000A7509 /* RecordViewController.swift */; };
		A2ACFB5825CD323F000A7509 /* Main.storyboard in Resources */ = {isa = PBXBuildFile; fileRef = A2ACFB5625CD323F000A7509 /* Main.storyboard */; };
		A2ACFB5A25CD3240000A7509 /* Assets.xcassets in Resources */ = {isa = PBXBuildFile; fileRef = A2ACFB5925CD3240000A7509 /* Assets.xcassets */; };
		A2ACFB5D25CD3240000A7509 /* LaunchScreen.storyboard in Resources */ = {isa = PBXBuildFile; fileRef = A2ACFB5B25CD3240000A7509 /* LaunchScreen.storyboard */; };
		A2ACFB6825CD3241000A7509 /* PitchPerfectTests.swift in Sources */ = {isa = PBXBuildFile; fileRef = A2ACFB6725CD3241000A7509 /* PitchPerfectTests.swift */; };
		A2ACFB7325CD3241000A7509 /* PitchPerfectUITests.swift in Sources */ = {isa = PBXBuildFile; fileRef = A2ACFB7225CD3241000A7509 /* PitchPerfectUITests.swift */; };
/* End PBXBuildFile section */

/* Begin PBXContainerItemProxy section */
		A2ACFB6425CD3241000A7509 /* PBXContainerItemProxy */ = {
			isa = PBXContainerItemProxy;
			containerPortal = A2ACFB4525CD323F000A7509 /* Project object */;
			proxyType = 1;
			remoteGlobalIDString = A2ACFB4C25CD323F000A7509;
			remoteInfo = PitchPerfect;
		};
		A2ACFB6F25CD3241000A7509 /* PBXContainerItemProxy */ = {
			isa = PBXContainerItemProxy;
			containerPortal = A2ACFB4525CD323F000A7509 /* Project object */;
			proxyType = 1;
			remoteGlobalIDString = A2ACFB4C25CD323F000A7509;
			remoteInfo = PitchPerfect;
		};
/* End PBXContainerItemProxy section */

/* Begin PBXFileReference section */
		A206ADCA25E93DD500AC2CB3 /* PlayViewController.swift */ = {isa = PBXFileReference; lastKnownFileType = sourcecode.swift; path = PlayViewController.swift; sourceTree = "<group>"; };
		A24C0BEE25EBA3120056858D /* PlayViewController+Audio.swift */ = {isa = PBXFileReference; lastKnownFileType = sourcecode.swift; path = "PlayViewController+Audio.swift"; sourceTree = "<group>"; };
		A2ACFB4D25CD323F000A7509 /* PitchPerfect.app */ = {isa = PBXFileReference; explicitFileType = wrapper.application; includeInIndex = 0; path = PitchPerfect.app; sourceTree = BUILT_PRODUCTS_DIR; };
		A2ACFB5025CD323F000A7509 /* AppDelegate.swift */ = {isa = PBXFileReference; lastKnownFileType = sourcecode.swift; path = AppDelegate.swift; sourceTree = "<group>"; };
		A2ACFB5225CD323F000A7509 /* SceneDelegate.swift */ = {isa = PBXFileReference; lastKnownFileType = sourcecode.swift; path = SceneDelegate.swift; sourceTree = "<group>"; };
		A2ACFB5425CD323F000A7509 /* RecordViewController.swift */ = {isa = PBXFileReference; lastKnownFileType = sourcecode.swift; path = RecordViewController.swift; sourceTree = "<group>"; };
		A2ACFB5725CD323F000A7509 /* Base */ = {isa = PBXFileReference; lastKnownFileType = file.storyboard; name = Base; path = Base.lproj/Main.storyboard; sourceTree = "<group>"; };
		A2ACFB5925CD3240000A7509 /* Assets.xcassets */ = {isa = PBXFileReference; lastKnownFileType = folder.assetcatalog; path = Assets.xcassets; sourceTree = "<group>"; };
		A2ACFB5C25CD3240000A7509 /* Base */ = {isa = PBXFileReference; lastKnownFileType = file.storyboard; name = Base; path = Base.lproj/LaunchScreen.storyboard; sourceTree = "<group>"; };
		A2ACFB5E25CD3240000A7509 /* Info.plist */ = {isa = PBXFileReference; lastKnownFileType = text.plist.xml; path = Info.plist; sourceTree = "<group>"; };
		A2ACFB6325CD3241000A7509 /* PitchPerfectTests.xctest */ = {isa = PBXFileReference; explicitFileType = wrapper.cfbundle; includeInIndex = 0; path = PitchPerfectTests.xctest; sourceTree = BUILT_PRODUCTS_DIR; };
		A2ACFB6725CD3241000A7509 /* PitchPerfectTests.swift */ = {isa = PBXFileReference; lastKnownFileType = sourcecode.swift; path = PitchPerfectTests.swift; sourceTree = "<group>"; };
		A2ACFB6925CD3241000A7509 /* Info.plist */ = {isa = PBXFileReference; lastKnownFileType = text.plist.xml; path = Info.plist; sourceTree = "<group>"; };
		A2ACFB6E25CD3241000A7509 /* PitchPerfectUITests.xctest */ = {isa = PBXFileReference; explicitFileType = wrapper.cfbundle; includeInIndex = 0; path = PitchPerfectUITests.xctest; sourceTree = BUILT_PRODUCTS_DIR; };
		A2ACFB7225CD3241000A7509 /* PitchPerfectUITests.swift */ = {isa = PBXFileReference; lastKnownFileType = sourcecode.swift; path = PitchPerfectUITests.swift; sourceTree = "<group>"; };
		A2ACFB7425CD3241000A7509 /* Info.plist */ = {isa = PBXFileReference; lastKnownFileType = text.plist.xml; path = Info.plist; sourceTree = "<group>"; };
/* End PBXFileReference section */

/* Begin PBXFrameworksBuildPhase section */
		A2ACFB4A25CD323F000A7509 /* Frameworks */ = {
			isa = PBXFrameworksBuildPhase;
			buildActionMask = 2147483647;
			files = (
			);
			runOnlyForDeploymentPostprocessing = 0;
		};
		A2ACFB6025CD3241000A7509 /* Frameworks */ = {
			isa = PBXFrameworksBuildPhase;
			buildActionMask = 2147483647;
			files = (
			);
			runOnlyForDeploymentPostprocessing = 0;
		};
		A2ACFB6B25CD3241000A7509 /* Frameworks */ = {
			isa = PBXFrameworksBuildPhase;
			buildActionMask = 2147483647;
			files = (
			);
			runOnlyForDeploymentPostprocessing = 0;
		};
/* End PBXFrameworksBuildPhase section */

/* Begin PBXGroup section */
		A2ACFB4425CD323F000A7509 = {
			isa = PBXGroup;
			children = (
				A2ACFB4F25CD323F000A7509 /* PitchPerfect */,
				A2ACFB6625CD3241000A7509 /* PitchPerfectTests */,
				A2ACFB7125CD3241000A7509 /* PitchPerfectUITests */,
				A2ACFB4E25CD323F000A7509 /* Products */,
			);
			sourceTree = "<group>";
		};
		A2ACFB4E25CD323F000A7509 /* Products */ = {
			isa = PBXGroup;
			children = (
				A2ACFB4D25CD323F000A7509 /* PitchPerfect.app */,
				A2ACFB6325CD3241000A7509 /* PitchPerfectTests.xctest */,
				A2ACFB6E25CD3241000A7509 /* PitchPerfectUITests.xctest */,
			);
			name = Products;
			sourceTree = "<group>";
		};
		A2ACFB4F25CD323F000A7509 /* PitchPerfect */ = {
			isa = PBXGroup;
			children = (
				A2ACFB5025CD323F000A7509 /* AppDelegate.swift */,
				A2ACFB5225CD323F000A7509 /* SceneDelegate.swift */,
				A2ACFB5425CD323F000A7509 /* RecordViewController.swift */,
				A206ADCA25E93DD500AC2CB3 /* PlayViewController.swift */,
				A24C0BEE25EBA3120056858D /* PlayViewController+Audio.swift */,
				A2ACFB5625CD323F000A7509 /* Main.storyboard */,
				A2ACFB5925CD3240000A7509 /* Assets.xcassets */,
				A2ACFB5B25CD3240000A7509 /* LaunchScreen.storyboard */,
				A2ACFB5E25CD3240000A7509 /* Info.plist */,
			);
			path = PitchPerfect;
			sourceTree = "<group>";
		};
		A2ACFB6625CD3241000A7509 /* PitchPerfectTests */ = {
			isa = PBXGroup;
			children = (
				A2ACFB6725CD3241000A7509 /* PitchPerfectTests.swift */,
				A2ACFB6925CD3241000A7509 /* Info.plist */,
			);
			path = PitchPerfectTests;
			sourceTree = "<group>";
		};
		A2ACFB7125CD3241000A7509 /* PitchPerfectUITests */ = {
			isa = PBXGroup;
			children = (
				A2ACFB7225CD3241000A7509 /* PitchPerfectUITests.swift */,
				A2ACFB7425CD3241000A7509 /* Info.plist */,
			);
			path = PitchPerfectUITests;
			sourceTree = "<group>";
		};
/* End PBXGroup section */

/* Begin PBXNativeTarget section */
		A2ACFB4C25CD323F000A7509 /* PitchPerfect */ = {
			isa = PBXNativeTarget;
			buildConfigurationList = A2ACFB7725CD3241000A7509 /* Build configuration list for PBXNativeTarget "PitchPerfect" */;
			buildPhases = (
				A2ACFB4925CD323F000A7509 /* Sources */,
				A2ACFB4A25CD323F000A7509 /* Frameworks */,
				A2ACFB4B25CD323F000A7509 /* Resources */,
			);
			buildRules = (
			);
			dependencies = (
			);
			name = PitchPerfect;
			productName = PitchPerfect;
			productReference = A2ACFB4D25CD323F000A7509 /* PitchPerfect.app */;
			productType = "com.apple.product-type.application";
		};
		A2ACFB6225CD3241000A7509 /* PitchPerfectTests */ = {
			isa = PBXNativeTarget;
			buildConfigurationList = A2ACFB7A25CD3241000A7509 /* Build configuration list for PBXNativeTarget "PitchPerfectTests" */;
			buildPhases = (
				A2ACFB5F25CD3241000A7509 /* Sources */,
				A2ACFB6025CD3241000A7509 /* Frameworks */,
				A2ACFB6125CD3241000A7509 /* Resources */,
			);
			buildRules = (
			);
			dependencies = (
				A2ACFB6525CD3241000A7509 /* PBXTargetDependency */,
			);
			name = PitchPerfectTests;
			productName = PitchPerfectTests;
			productReference = A2ACFB6325CD3241000A7509 /* PitchPerfectTests.xctest */;
			productType = "com.apple.product-type.bundle.unit-test";
		};
		A2ACFB6D25CD3241000A7509 /* PitchPerfectUITests */ = {
			isa = PBXNativeTarget;
			buildConfigurationList = A2ACFB7D25CD3241000A7509 /* Build configuration list for PBXNativeTarget "PitchPerfectUITests" */;
			buildPhases = (
				A2ACFB6A25CD3241000A7509 /* Sources */,
				A2ACFB6B25CD3241000A7509 /* Frameworks */,
				A2ACFB6C25CD3241000A7509 /* Resources */,
			);
			buildRules = (
			);
			dependencies = (
				A2ACFB7025CD3241000A7509 /* PBXTargetDependency */,
			);
			name = PitchPerfectUITests;
			productName = PitchPerfectUITests;
			productReference = A2ACFB6E25CD3241000A7509 /* PitchPerfectUITests.xctest */;
			productType = "com.apple.product-type.bundle.ui-testing";
		};
/* End PBXNativeTarget section */

/* Begin PBXProject section */
		A2ACFB4525CD323F000A7509 /* Project object */ = {
			isa = PBXProject;
			attributes = {
				LastSwiftUpdateCheck = 1230;
				LastUpgradeCheck = 1230;
				TargetAttributes = {
					A2ACFB4C25CD323F000A7509 = {
						CreatedOnToolsVersion = 12.3;
					};
					A2ACFB6225CD3241000A7509 = {
						CreatedOnToolsVersion = 12.3;
						TestTargetID = A2ACFB4C25CD323F000A7509;
					};
					A2ACFB6D25CD3241000A7509 = {
						CreatedOnToolsVersion = 12.3;
						TestTargetID = A2ACFB4C25CD323F000A7509;
					};
				};
			};
			buildConfigurationList = A2ACFB4825CD323F000A7509 /* Build configuration list for PBXProject "PitchPerfect" */;
			compatibilityVersion = "Xcode 9.3";
			developmentRegion = en;
			hasScannedForEncodings = 0;
			knownRegions = (
				en,
				Base,
			);
			mainGroup = A2ACFB4425CD323F000A7509;
			productRefGroup = A2ACFB4E25CD323F000A7509 /* Products */;
			projectDirPath = "";
			projectRoot = "";
			targets = (
				A2ACFB4C25CD323F000A7509 /* PitchPerfect */,
				A2ACFB6225CD3241000A7509 /* PitchPerfectTests */,
				A2ACFB6D25CD3241000A7509 /* PitchPerfectUITests */,
			);
		};
/* End PBXProject section */

/* Begin PBXResourcesBuildPhase section */
		A2ACFB4B25CD323F000A7509 /* Resources */ = {
			isa = PBXResourcesBuildPhase;
			buildActionMask = 2147483647;
			files = (
				A2ACFB5D25CD3240000A7509 /* LaunchScreen.storyboard in Resources */,
				A2ACFB5A25CD3240000A7509 /* Assets.xcassets in Resources */,
				A2ACFB5825CD323F000A7509 /* Main.storyboard in Resources */,
			);
			runOnlyForDeploymentPostprocessing = 0;
		};
		A2ACFB6125CD3241000A7509 /* Resources */ = {
			isa = PBXResourcesBuildPhase;
			buildActionMask = 2147483647;
			files = (
			);
			runOnlyForDeploymentPostprocessing = 0;
		};
		A2ACFB6C25CD3241000A7509 /* Resources */ = {
			isa = PBXResourcesBuildPhase;
			buildActionMask = 2147483647;
			files = (
			);
			runOnlyForDeploymentPostprocessing = 0;
		};
/* End PBXResourcesBuildPhase section */

/* Begin PBXSourcesBuildPhase section */
		A2ACFB4925CD323F000A7509 /* Sources */ = {
			isa = PBXSourcesBuildPhase;
			buildActionMask = 2147483647;
			files = (
				A206ADCB25E93DD500AC2CB3 /* PlayViewController.swift in Sources */,
				A2ACFB5525CD323F000A7509 /* RecordViewController.swift in Sources */,
				A2ACFB5125CD323F000A7509 /* AppDelegate.swift in Sources */,
				A2ACFB5325CD323F000A7509 /* SceneDelegate.swift in Sources */,
				A24C0BEF25EBA3120056858D /* PlayViewController+Audio.swift in Sources */,
			);
			runOnlyForDeploymentPostprocessing = 0;
		};
		A2ACFB5F25CD3241000A7509 /* Sources */ = {
			isa = PBXSourcesBuildPhase;
			buildActionMask = 2147483647;
			files = (
				A2ACFB6825CD3241000A7509 /* PitchPerfectTests.swift in Sources */,
			);
			runOnlyForDeploymentPostprocessing = 0;
		};
		A2ACFB6A25CD3241000A7509 /* Sources */ = {
			isa = PBXSourcesBuildPhase;
			buildActionMask = 2147483647;
			files = (
				A2ACFB7325CD3241000A7509 /* PitchPerfectUITests.swift in Sources */,
			);
			runOnlyForDeploymentPostprocessing = 0;
		};
/* End PBXSourcesBuildPhase section */

/* Begin PBXTargetDependency section */
		A2ACFB6525CD3241000A7509 /* PBXTargetDependency */ = {
			isa = PBXTargetDependency;
			target = A2ACFB4C25CD323F000A7509 /* PitchPerfect */;
			targetProxy = A2ACFB6425CD3241000A7509 /* PBXContainerItemProxy */;
		};
		A2ACFB7025CD3241000A7509 /* PBXTargetDependency */ = {
			isa = PBXTargetDependency;
			target = A2ACFB4C25CD323F000A7509 /* PitchPerfect */;
			targetProxy = A2ACFB6F25CD3241000A7509 /* PBXContainerItemProxy */;
		};
/* End PBXTargetDependency section */

/* Begin PBXVariantGroup section */
		A2ACFB5625CD323F000A7509 /* Main.storyboard */ = {
			isa = PBXVariantGroup;
			children = (
				A2ACFB5725CD323F000A7509 /* Base */,
			);
			name = Main.storyboard;
			sourceTree = "<group>";
		};
		A2ACFB5B25CD3240000A7509 /* LaunchScreen.storyboard */ = {
			isa = PBXVariantGroup;
			children = (
				A2ACFB5C25CD3240000A7509 /* Base */,
			);
			name = LaunchScreen.storyboard;
			sourceTree = "<group>";
		};
/* End PBXVariantGroup section */

/* Begin XCBuildConfiguration section */
		A2ACFB7525CD3241000A7509 /* Debug */ = {
			isa = XCBuildConfiguration;
			buildSettings = {
				ALWAYS_SEARCH_USER_PATHS = NO;
				CLANG_ANALYZER_NONNULL = YES;
				CLANG_ANALYZER_NUMBER_OBJECT_CONVERSION = YES_AGGRESSIVE;
				CLANG_CXX_LANGUAGE_STANDARD = "gnu++14";
				CLANG_CXX_LIBRARY = "libc++";
				CLANG_ENABLE_MODULES = YES;
				CLANG_ENABLE_OBJC_ARC = YES;
				CLANG_ENABLE_OBJC_WEAK = YES;
				CLANG_WARN_BLOCK_CAPTURE_AUTORELEASING = YES;
				CLANG_WARN_BOOL_CONVERSION = YES;
				CLANG_WARN_COMMA = YES;
				CLANG_WARN_CONSTANT_CONVERSION = YES;
				CLANG_WARN_DEPRECATED_OBJC_IMPLEMENTATIONS = YES;
				CLANG_WARN_DIRECT_OBJC_ISA_USAGE = YES_ERROR;
				CLANG_WARN_DOCUMENTATION_COMMENTS = YES;
				CLANG_WARN_EMPTY_BODY = YES;
				CLANG_WARN_ENUM_CONVERSION = YES;
				CLANG_WARN_INFINITE_RECURSION = YES;
				CLANG_WARN_INT_CONVERSION = YES;
				CLANG_WARN_NON_LITERAL_NULL_CONVERSION = YES;
				CLANG_WARN_OBJC_IMPLICIT_RETAIN_SELF = YES;
				CLANG_WARN_OBJC_LITERAL_CONVERSION = YES;
				CLANG_WARN_OBJC_ROOT_CLASS = YES_ERROR;
				CLANG_WARN_QUOTED_INCLUDE_IN_FRAMEWORK_HEADER = YES;
				CLANG_WARN_RANGE_LOOP_ANALYSIS = YES;
				CLANG_WARN_STRICT_PROTOTYPES = YES;
				CLANG_WARN_SUSPICIOUS_MOVE = YES;
				CLANG_WARN_UNGUARDED_AVAILABILITY = YES_AGGRESSIVE;
				CLANG_WARN_UNREACHABLE_CODE = YES;
				CLANG_WARN__DUPLICATE_METHOD_MATCH = YES;
				COPY_PHASE_STRIP = NO;
				DEBUG_INFORMATION_FORMAT = dwarf;
				ENABLE_STRICT_OBJC_MSGSEND = YES;
				ENABLE_TESTABILITY = YES;
				GCC_C_LANGUAGE_STANDARD = gnu11;
				GCC_DYNAMIC_NO_PIC = NO;
				GCC_NO_COMMON_BLOCKS = YES;
				GCC_OPTIMIZATION_LEVEL = 0;
				GCC_PREPROCESSOR_DEFINITIONS = (
					"DEBUG=1",
					"$(inherited)",
				);
				GCC_WARN_64_TO_32_BIT_CONVERSION = YES;
				GCC_WARN_ABOUT_RETURN_TYPE = YES_ERROR;
				GCC_WARN_UNDECLARED_SELECTOR = YES;
				GCC_WARN_UNINITIALIZED_AUTOS = YES_AGGRESSIVE;
				GCC_WARN_UNUSED_FUNCTION = YES;
				GCC_WARN_UNUSED_VARIABLE = YES;
				IPHONEOS_DEPLOYMENT_TARGET = 14.3;
				MTL_ENABLE_DEBUG_INFO = INCLUDE_SOURCE;
				MTL_FAST_MATH = YES;
				ONLY_ACTIVE_ARCH = YES;
				SDKROOT = iphoneos;
				SWIFT_ACTIVE_COMPILATION_CONDITIONS = DEBUG;
				SWIFT_OPTIMIZATION_LEVEL = "-Onone";
			};
			name = Debug;
		};
		A2ACFB7625CD3241000A7509 /* Release */ = {
			isa = XCBuildConfiguration;
			buildSettings = {
				ALWAYS_SEARCH_USER_PATHS = NO;
				CLANG_ANALYZER_NONNULL = YES;
				CLANG_ANALYZER_NUMBER_OBJECT_CONVERSION = YES_AGGRESSIVE;
				CLANG_CXX_LANGUAGE_STANDARD = "gnu++14";
				CLANG_CXX_LIBRARY = "libc++";
				CLANG_ENABLE_MODULES = YES;
				CLANG_ENABLE_OBJC_ARC = YES;
				CLANG_ENABLE_OBJC_WEAK = YES;
				CLANG_WARN_BLOCK_CAPTURE_AUTORELEASING = YES;
				CLANG_WARN_BOOL_CONVERSION = YES;
				CLANG_WARN_COMMA = YES;
				CLANG_WARN_CONSTANT_CONVERSION = YES;
				CLANG_WARN_DEPRECATED_OBJC_IMPLEMENTATIONS = YES;
				CLANG_WARN_DIRECT_OBJC_ISA_USAGE = YES_ERROR;
				CLANG_WARN_DOCUMENTATION_COMMENTS = YES;
				CLANG_WARN_EMPTY_BODY = YES;
				CLANG_WARN_ENUM_CONVERSION = YES;
				CLANG_WARN_INFINITE_RECURSION = YES;
				CLANG_WARN_INT_CONVERSION = YES;
				CLANG_WARN_NON_LITERAL_NULL_CONVERSION = YES;
				CLANG_WARN_OBJC_IMPLICIT_RETAIN_SELF = YES;
				CLANG_WARN_OBJC_LITERAL_CONVERSION = YES;
				CLANG_WARN_OBJC_ROOT_CLASS = YES_ERROR;
				CLANG_WARN_QUOTED_INCLUDE_IN_FRAMEWORK_HEADER = YES;
				CLANG_WARN_RANGE_LOOP_ANALYSIS = YES;
				CLANG_WARN_STRICT_PROTOTYPES = YES;
				CLANG_WARN_SUSPICIOUS_MOVE = YES;
				CLANG_WARN_UNGUARDED_AVAILABILITY = YES_AGGRESSIVE;
				CLANG_WARN_UNREACHABLE_CODE = YES;
				CLANG_WARN__DUPLICATE_METHOD_MATCH = YES;
				COPY_PHASE_STRIP = NO;
				DEBUG_INFORMATION_FORMAT = "dwarf-with-dsym";
				ENABLE_NS_ASSERTIONS = NO;
				ENABLE_STRICT_OBJC_MSGSEND = YES;
				GCC_C_LANGUAGE_STANDARD = gnu11;
				GCC_NO_COMMON_BLOCKS = YES;
				GCC_WARN_64_TO_32_BIT_CONVERSION = YES;
				GCC_WARN_ABOUT_RETURN_TYPE = YES_ERROR;
				GCC_WARN_UNDECLARED_SELECTOR = YES;
				GCC_WARN_UNINITIALIZED_AUTOS = YES_AGGRESSIVE;
				GCC_WARN_UNUSED_FUNCTION = YES;
				GCC_WARN_UNUSED_VARIABLE = YES;
				IPHONEOS_DEPLOYMENT_TARGET = 14.3;
				MTL_ENABLE_DEBUG_INFO = NO;
				MTL_FAST_MATH = YES;
				SDKROOT = iphoneos;
				SWIFT_COMPILATION_MODE = wholemodule;
				SWIFT_OPTIMIZATION_LEVEL = "-O";
				VALIDATE_PRODUCT = YES;
			};
			name = Release;
		};
		A2ACFB7825CD3241000A7509 /* Debug */ = {
			isa = XCBuildConfiguration;
			buildSettings = {
				ASSETCATALOG_COMPILER_APPICON_NAME = AppIcon;
				ASSETCATALOG_COMPILER_GLOBAL_ACCENT_COLOR_NAME = AccentColor;
				CODE_SIGN_STYLE = Automatic;
				INFOPLIST_FILE = PitchPerfect/Info.plist;
				LD_RUNPATH_SEARCH_PATHS = (
					"$(inherited)",
					"@executable_path/Frameworks",
				);
				PRODUCT_BUNDLE_IDENTIFIER = swift.ngvtam.PitchPerfect;
				PRODUCT_NAME = "$(TARGET_NAME)";
				SWIFT_VERSION = 5.0;
				TARGETED_DEVICE_FAMILY = "1,2";
			};
			name = Debug;
		};
		A2ACFB7925CD3241000A7509 /* Release */ = {
			isa = XCBuildConfiguration;
			buildSettings = {
				ASSETCATALOG_COMPILER_APPICON_NAME = AppIcon;
				ASSETCATALOG_COMPILER_GLOBAL_ACCENT_COLOR_NAME = AccentColor;
				CODE_SIGN_STYLE = Automatic;
				INFOPLIST_FILE = PitchPerfect/Info.plist;
				LD_RUNPATH_SEARCH_PATHS = (
					"$(inherited)",
					"@executable_path/Frameworks",
				);
				PRODUCT_BUNDLE_IDENTIFIER = swift.ngvtam.PitchPerfect;
				PRODUCT_NAME = "$(TARGET_NAME)";
				SWIFT_VERSION = 5.0;
				TARGETED_DEVICE_FAMILY = "1,2";
			};
			name = Release;
		};
		A2ACFB7B25CD3241000A7509 /* Debug */ = {
			isa = XCBuildConfiguration;
			buildSettings = {
				ALWAYS_EMBED_SWIFT_STANDARD_LIBRARIES = YES;
				BUNDLE_LOADER = "$(TEST_HOST)";
				CODE_SIGN_STYLE = Automatic;
				INFOPLIST_FILE = PitchPerfectTests/Info.plist;
				IPHONEOS_DEPLOYMENT_TARGET = 14.3;
				LD_RUNPATH_SEARCH_PATHS = (
					"$(inherited)",
					"@executable_path/Frameworks",
					"@loader_path/Frameworks",
				);
				PRODUCT_BUNDLE_IDENTIFIER = swift.ngvtam.PitchPerfectTests;
				PRODUCT_NAME = "$(TARGET_NAME)";
				SWIFT_VERSION = 5.0;
				TARGETED_DEVICE_FAMILY = "1,2";
				TEST_HOST = "$(BUILT_PRODUCTS_DIR)/PitchPerfect.app/PitchPerfect";
			};
			name = Debug;
		};
		A2ACFB7C25CD3241000A7509 /* Release */ = {
			isa = XCBuildConfiguration;
			buildSettings = {
				ALWAYS_EMBED_SWIFT_STANDARD_LIBRARIES = YES;
				BUNDLE_LOADER = "$(TEST_HOST)";
				CODE_SIGN_STYLE = Automatic;
				INFOPLIST_FILE = PitchPerfectTests/Info.plist;
				IPHONEOS_DEPLOYMENT_TARGET = 14.3;
				LD_RUNPATH_SEARCH_PATHS = (
					"$(inherited)",
					"@executable_path/Frameworks",
					"@loader_path/Frameworks",
				);
				PRODUCT_BUNDLE_IDENTIFIER = swift.ngvtam.PitchPerfectTests;
				PRODUCT_NAME = "$(TARGET_NAME)";
				SWIFT_VERSION = 5.0;
				TARGETED_DEVICE_FAMILY = "1,2";
				TEST_HOST = "$(BUILT_PRODUCTS_DIR)/PitchPerfect.app/PitchPerfect";
			};
			name = Release;
		};
		A2ACFB7E25CD3241000A7509 /* Debug */ = {
			isa = XCBuildConfiguration;
			buildSettings = {
				ALWAYS_EMBED_SWIFT_STANDARD_LIBRARIES = YES;
				CODE_SIGN_STYLE = Automatic;
				INFOPLIST_FILE = PitchPerfectUITests/Info.plist;
				LD_RUNPATH_SEARCH_PATHS = (
					"$(inherited)",
					"@executable_path/Frameworks",
					"@loader_path/Frameworks",
				);
				PRODUCT_BUNDLE_IDENTIFIER = swift.ngvtam.PitchPerfectUITests;
				PRODUCT_NAME = "$(TARGET_NAME)";
				SWIFT_VERSION = 5.0;
				TARGETED_DEVICE_FAMILY = "1,2";
				TEST_TARGET_NAME = PitchPerfect;
			};
			name = Debug;
		};
		A2ACFB7F25CD3241000A7509 /* Release */ = {
			isa = XCBuildConfiguration;
			buildSettings = {
				ALWAYS_EMBED_SWIFT_STANDARD_LIBRARIES = YES;
				CODE_SIGN_STYLE = Automatic;
				INFOPLIST_FILE = PitchPerfectUITests/Info.plist;
				LD_RUNPATH_SEARCH_PATHS = (
					"$(inherited)",
					"@executable_path/Frameworks",
					"@loader_path/Frameworks",
				);
				PRODUCT_BUNDLE_IDENTIFIER = swift.ngvtam.PitchPerfectUITests;
				PRODUCT_NAME = "$(TARGET_NAME)";
				SWIFT_VERSION = 5.0;
				TARGETED_DEVICE_FAMILY = "1,2";
				TEST_TARGET_NAME = PitchPerfect;
			};
			name = Release;
		};
/* End XCBuildConfiguration section */

/* Begin XCConfigurationList section */
		A2ACFB4825CD323F000A7509 /* Build configuration list for PBXProject "PitchPerfect" */ = {
			isa = XCConfigurationList;
			buildConfigurations = (
				A2ACFB7525CD3241000A7509 /* Debug */,
				A2ACFB7625CD3241000A7509 /* Release */,
			);
			defaultConfigurationIsVisible = 0;
			defaultConfigurationName = Release;
		};
		A2ACFB7725CD3241000A7509 /* Build configuration list for PBXNativeTarget "PitchPerfect" */ = {
			isa = XCConfigurationList;
			buildConfigurations = (
				A2ACFB7825CD3241000A7509 /* Debug */,
				A2ACFB7925CD3241000A7509 /* Release */,
			);
			defaultConfigurationIsVisible = 0;
			defaultConfigurationName = Release;
		};
		A2ACFB7A25CD3241000A7509 /* Build configuration list for PBXNativeTarget "PitchPerfectTests" */ = {
			isa = XCConfigurationList;
			buildConfigurations = (
				A2ACFB7B25CD3241000A7509 /* Debug */,
				A2ACFB7C25CD3241000A7509 /* Release */,
			);
			defaultConfigurationIsVisible = 0;
			defaultConfigurationName = Release;
		};
		A2ACFB7D25CD3241000A7509 /* Build configuration list for PBXNativeTarget "PitchPerfectUITests" */ = {
			isa = XCConfigurationList;
			buildConfigurations = (
				A2ACFB7E25CD3241000A7509 /* Debug */,
				A2ACFB7F25CD3241000A7509 /* Release */,
			);
			defaultConfigurationIsVisible = 0;
			defaultConfigurationName = Release;
		};
/* End XCConfigurationList section */
	};
	rootObject = A2ACFB4525CD323F000A7509 /* Project object */;
}
